
Microsoft Visual Studio Solution File, Format Version 12.00
# Visual Studio Version 16
VisualStudioVersion = 16.0.30011.22
MinimumVisualStudioVersion = 10.0.40219.1
Project("{2150E333-8FDC-42A3-9474-1A3956D46DE8}") = "src", "src", "{9D14ABB9-0231-40D1-A00F-EC783F90A316}"
EndProject
Project("{2150E333-8FDC-42A3-9474-1A3956D46DE8}") = "Entity", "Entity", "{124F5901-3789-4347-A945-312289E5975F}"
EndProject
Project("{2150E333-8FDC-42A3-9474-1A3956D46DE8}") = "UseCase", "UseCase", "{E5E2F736-A9DB-47D5-9305-A55A3F64DB0A}"
EndProject
Project("{2150E333-8FDC-42A3-9474-1A3956D46DE8}") = "Infrastructure", "Infrastructure", "{32C0AE8C-A69B-4A90-B750-8DD46F923C45}"
EndProject
Project("{2150E333-8FDC-42A3-9474-1A3956D46DE8}") = "Presentation", "Presentation", "{8DDC6108-AFB3-4AB5-9B52-59DCB98A473C}"
EndProject
Project("{9A19103F-16F7-4668-BE54-9A1E7A4F7556}") = "Domain", "Domain\Domain.csproj", "{4C9B3494-2207-43F5-ABC8-7C303346CFF7}"
EndProject
Project("{9A19103F-16F7-4668-BE54-9A1E7A4F7556}") = "Application", "Application\Application.csproj", "{F4662127-CEA0-4565-B5D3-1AF6E2CCBCAC}"
EndProject
Project("{2150E333-8FDC-42A3-9474-1A3956D46DE8}") = "tests", "tests", "{A652A35C-C1D1-4987-8206-BC00D021026B}"
EndProject
Project("{2150E333-8FDC-42A3-9474-1A3956D46DE8}") = "config", "config", "{D5BACA42-1467-42CB-AACF-CE960ABD6A37}"
EndProject
Project("{FAE04EC0-301F-11D3-BF4B-00C04F79EFBC}") = "Persistence", "Persistence\Persistence.csproj", "{95E1B0C8-FE46-41BE-9375-003E9D719323}"
EndProject
Project("{FAE04EC0-301F-11D3-BF4B-00C04F79EFBC}") = "ConsoleFrontend", "ConsoleFrontend\ConsoleFrontend.csproj", "{6C8C7828-16F6-4254-A2A6-62DDD4920F33}"
EndProject
Global
	GlobalSection(SolutionConfigurationPlatforms) = preSolution
		Debug|Any CPU = Debug|Any CPU
		Release|Any CPU = Release|Any CPU
	EndGlobalSection
	GlobalSection(ProjectConfigurationPlatforms) = postSolution
		{4C9B3494-2207-43F5-ABC8-7C303346CFF7}.Debug|Any CPU.ActiveCfg = Debug|Any CPU
		{4C9B3494-2207-43F5-ABC8-7C303346CFF7}.Debug|Any CPU.Build.0 = Debug|Any CPU
		{4C9B3494-2207-43F5-ABC8-7C303346CFF7}.Release|Any CPU.ActiveCfg = Release|Any CPU
		{4C9B3494-2207-43F5-ABC8-7C303346CFF7}.Release|Any CPU.Build.0 = Release|Any CPU
		{F4662127-CEA0-4565-B5D3-1AF6E2CCBCAC}.Debug|Any CPU.ActiveCfg = Debug|Any CPU
		{F4662127-CEA0-4565-B5D3-1AF6E2CCBCAC}.Debug|Any CPU.Build.0 = Debug|Any CPU
		{F4662127-CEA0-4565-B5D3-1AF6E2CCBCAC}.Release|Any CPU.ActiveCfg = Release|Any CPU
		{F4662127-CEA0-4565-B5D3-1AF6E2CCBCAC}.Release|Any CPU.Build.0 = Release|Any CPU
		{95E1B0C8-FE46-41BE-9375-003E9D719323}.Debug|Any CPU.ActiveCfg = Debug|Any CPU
		{95E1B0C8-FE46-41BE-9375-003E9D719323}.Debug|Any CPU.Build.0 = Debug|Any CPU
		{95E1B0C8-FE46-41BE-9375-003E9D719323}.Release|Any CPU.ActiveCfg = Release|Any CPU
		{95E1B0C8-FE46-41BE-9375-003E9D719323}.Release|Any CPU.Build.0 = Release|Any CPU
		{6C8C7828-16F6-4254-A2A6-62DDD4920F33}.Debug|Any CPU.ActiveCfg = Debug|Any CPU
		{6C8C7828-16F6-4254-A2A6-62DDD4920F33}.Debug|Any CPU.Build.0 = Debug|Any CPU
		{6C8C7828-16F6-4254-A2A6-62DDD4920F33}.Release|Any CPU.ActiveCfg = Release|Any CPU
		{6C8C7828-16F6-4254-A2A6-62DDD4920F33}.Release|Any CPU.Build.0 = Release|Any CPU
	EndGlobalSection
	GlobalSection(SolutionProperties) = preSolution
		HideSolutionNode = FALSE
	EndGlobalSection
	GlobalSection(NestedProjects) = preSolution
		{124F5901-3789-4347-A945-312289E5975F} = {9D14ABB9-0231-40D1-A00F-EC783F90A316}
		{E5E2F736-A9DB-47D5-9305-A55A3F64DB0A} = {9D14ABB9-0231-40D1-A00F-EC783F90A316}
		{32C0AE8C-A69B-4A90-B750-8DD46F923C45} = {9D14ABB9-0231-40D1-A00F-EC783F90A316}
		{8DDC6108-AFB3-4AB5-9B52-59DCB98A473C} = {9D14ABB9-0231-40D1-A00F-EC783F90A316}
		{4C9B3494-2207-43F5-ABC8-7C303346CFF7} = {124F5901-3789-4347-A945-312289E5975F}
		{F4662127-CEA0-4565-B5D3-1AF6E2CCBCAC} = {E5E2F736-A9DB-47D5-9305-A55A3F64DB0A}
		{95E1B0C8-FE46-41BE-9375-003E9D719323} = {32C0AE8C-A69B-4A90-B750-8DD46F923C45}
		{6C8C7828-16F6-4254-A2A6-62DDD4920F33} = {8DDC6108-AFB3-4AB5-9B52-59DCB98A473C}
	EndGlobalSection
	GlobalSection(ExtensibilityGlobals) = postSolution
		SolutionGuid = {8DFD496C-F2F2-4A60-BEB1-9E3F6FEC7739}
	EndGlobalSection
EndGlobal
