
Microsoft Visual Studio Solution File, Format Version 12.00
# Visual Studio Version 16
VisualStudioVersion = 16.0.30011.22
MinimumVisualStudioVersion = 10.0.40219.1
Project("{9A19103F-16F7-4668-BE54-9A1E7A4F7556}") = "Domain", "Entities\Domain\Domain.csproj", "{74F90E3B-FE25-47C3-B904-5CEBA58E52D3}"
EndProject
Project("{9A19103F-16F7-4668-BE54-9A1E7A4F7556}") = "Application", "UseCases\Application\Application.csproj", "{45E885EB-0781-4D93-8533-A56C3EA8ACFC}"
EndProject
Project("{9A19103F-16F7-4668-BE54-9A1E7A4F7556}") = "ApplicationDependencies", "UseCases\ApplicationDependencies\ApplicationDependencies.csproj", "{32C9D207-A29F-4C6C-9128-040874268B97}"
EndProject
Project("{9A19103F-16F7-4668-BE54-9A1E7A4F7556}") = "MockEmailSender", "Infrastructure\MockEmailSender\MockEmailSender.csproj", "{9ABA3031-FB68-4E49-B5FC-D7EEC4D52143}"
EndProject
Project("{9A19103F-16F7-4668-BE54-9A1E7A4F7556}") = "EFCorePostgresPersistence", "Infrastructure\EFCorePostgresPersistence\EFCorePostgresPersistence.csproj", "{2E2E2C3D-988F-41B2-B0E3-62E6663746A3}"
EndProject
Project("{9A19103F-16F7-4668-BE54-9A1E7A4F7556}") = "EFCoreInMemoryPersistence", "Infrastructure\EFCoreInMemoryPersistence\EFCoreInMemoryPersistence.csproj", "{153E2726-B952-4D36-A7EE-6F845FB70FB7}"
EndProject
Project("{9A19103F-16F7-4668-BE54-9A1E7A4F7556}") = "SimpleAuthServiceApi", "Presentation\SimpleAuthServiceApi\SimpleAuthServiceApi.csproj", "{05DF94C8-0005-4E62-8F92-655F9824964B}"
EndProject
Project("{9A19103F-16F7-4668-BE54-9A1E7A4F7556}") = "UseCaseManualTestingConsole", "Testing\UseCaseManualTestingConsole\UseCaseManualTestingConsole.csproj", "{C1A752B7-063C-4D7C-905E-A89046A77838}"
EndProject
Project("{FAE04EC0-301F-11D3-BF4B-00C04F79EFBC}") = "ApiKeyPersistence", "Presentation\PresentationInfrastructure\ApiKeyPersistence\ApiKeyPersistence.csproj", "{DBD7D690-0776-490E-9B7C-9244A11E9A6D}"
EndProject
Global
	GlobalSection(SolutionConfigurationPlatforms) = preSolution
		Debug|Any CPU = Debug|Any CPU
		Release|Any CPU = Release|Any CPU
	EndGlobalSection
	GlobalSection(ProjectConfigurationPlatforms) = postSolution
		{74F90E3B-FE25-47C3-B904-5CEBA58E52D3}.Debug|Any CPU.ActiveCfg = Debug|Any CPU
		{74F90E3B-FE25-47C3-B904-5CEBA58E52D3}.Debug|Any CPU.Build.0 = Debug|Any CPU
		{74F90E3B-FE25-47C3-B904-5CEBA58E52D3}.Release|Any CPU.ActiveCfg = Release|Any CPU
		{74F90E3B-FE25-47C3-B904-5CEBA58E52D3}.Release|Any CPU.Build.0 = Release|Any CPU
		{45E885EB-0781-4D93-8533-A56C3EA8ACFC}.Debug|Any CPU.ActiveCfg = Debug|Any CPU
		{45E885EB-0781-4D93-8533-A56C3EA8ACFC}.Debug|Any CPU.Build.0 = Debug|Any CPU
		{45E885EB-0781-4D93-8533-A56C3EA8ACFC}.Release|Any CPU.ActiveCfg = Release|Any CPU
		{45E885EB-0781-4D93-8533-A56C3EA8ACFC}.Release|Any CPU.Build.0 = Release|Any CPU
		{32C9D207-A29F-4C6C-9128-040874268B97}.Debug|Any CPU.ActiveCfg = Debug|Any CPU
		{32C9D207-A29F-4C6C-9128-040874268B97}.Debug|Any CPU.Build.0 = Debug|Any CPU
		{32C9D207-A29F-4C6C-9128-040874268B97}.Release|Any CPU.ActiveCfg = Release|Any CPU
		{32C9D207-A29F-4C6C-9128-040874268B97}.Release|Any CPU.Build.0 = Release|Any CPU
		{9ABA3031-FB68-4E49-B5FC-D7EEC4D52143}.Debug|Any CPU.ActiveCfg = Debug|Any CPU
		{9ABA3031-FB68-4E49-B5FC-D7EEC4D52143}.Debug|Any CPU.Build.0 = Debug|Any CPU
		{9ABA3031-FB68-4E49-B5FC-D7EEC4D52143}.Release|Any CPU.ActiveCfg = Release|Any CPU
		{9ABA3031-FB68-4E49-B5FC-D7EEC4D52143}.Release|Any CPU.Build.0 = Release|Any CPU
		{2E2E2C3D-988F-41B2-B0E3-62E6663746A3}.Debug|Any CPU.ActiveCfg = Debug|Any CPU
		{2E2E2C3D-988F-41B2-B0E3-62E6663746A3}.Debug|Any CPU.Build.0 = Debug|Any CPU
		{2E2E2C3D-988F-41B2-B0E3-62E6663746A3}.Release|Any CPU.ActiveCfg = Release|Any CPU
		{2E2E2C3D-988F-41B2-B0E3-62E6663746A3}.Release|Any CPU.Build.0 = Release|Any CPU
		{153E2726-B952-4D36-A7EE-6F845FB70FB7}.Debug|Any CPU.ActiveCfg = Debug|Any CPU
		{153E2726-B952-4D36-A7EE-6F845FB70FB7}.Debug|Any CPU.Build.0 = Debug|Any CPU
		{153E2726-B952-4D36-A7EE-6F845FB70FB7}.Release|Any CPU.ActiveCfg = Release|Any CPU
		{153E2726-B952-4D36-A7EE-6F845FB70FB7}.Release|Any CPU.Build.0 = Release|Any CPU
		{05DF94C8-0005-4E62-8F92-655F9824964B}.Debug|Any CPU.ActiveCfg = Debug|Any CPU
		{05DF94C8-0005-4E62-8F92-655F9824964B}.Debug|Any CPU.Build.0 = Debug|Any CPU
		{05DF94C8-0005-4E62-8F92-655F9824964B}.Release|Any CPU.ActiveCfg = Release|Any CPU
		{05DF94C8-0005-4E62-8F92-655F9824964B}.Release|Any CPU.Build.0 = Release|Any CPU
		{C1A752B7-063C-4D7C-905E-A89046A77838}.Debug|Any CPU.ActiveCfg = Debug|Any CPU
		{C1A752B7-063C-4D7C-905E-A89046A77838}.Debug|Any CPU.Build.0 = Debug|Any CPU
		{C1A752B7-063C-4D7C-905E-A89046A77838}.Release|Any CPU.ActiveCfg = Release|Any CPU
		{C1A752B7-063C-4D7C-905E-A89046A77838}.Release|Any CPU.Build.0 = Release|Any CPU
		{DBD7D690-0776-490E-9B7C-9244A11E9A6D}.Debug|Any CPU.ActiveCfg = Debug|Any CPU
		{DBD7D690-0776-490E-9B7C-9244A11E9A6D}.Debug|Any CPU.Build.0 = Debug|Any CPU
		{DBD7D690-0776-490E-9B7C-9244A11E9A6D}.Release|Any CPU.ActiveCfg = Release|Any CPU
		{DBD7D690-0776-490E-9B7C-9244A11E9A6D}.Release|Any CPU.Build.0 = Release|Any CPU
	EndGlobalSection
	GlobalSection(SolutionProperties) = preSolution
		HideSolutionNode = FALSE
	EndGlobalSection
	GlobalSection(ExtensibilityGlobals) = postSolution
		SolutionGuid = {8DFD496C-F2F2-4A60-BEB1-9E3F6FEC7739}
	EndGlobalSection
EndGlobal
